{
  "nodes": {
    "emacs-unstable": {
      "locked": {
        "lastModified": 1649215647,
        "narHash": "sha256-OOOxN5fw7J8gVJGiFze8gb+8+g/HMzyRC5GQFnM34RI=",
        "owner": "nix-community",
        "repo": "emacs-overlay",
        "rev": "b51e1bbca6109b7750d71b5f01f0fb20dde02217",
        "type": "github"
      },
      "original": {
        "owner": "nix-community",
        "repo": "emacs-overlay",
        "type": "github"
      }
    },
    "flake-compat": {
      "flake": false,
      "locked": {
        "lastModified": 1648199409,
        "narHash": "sha256-JwPKdC2PoVBkG6E+eWw3j6BMR6sL3COpYWfif7RVb8Y=",
        "owner": "edolstra",
        "repo": "flake-compat",
        "rev": "64a525ee38886ab9028e6f61790de0832aa3ef03",
        "type": "github"
      },
      "original": {
        "owner": "edolstra",
        "repo": "flake-compat",
        "type": "github"
      }
    },
    "flake-utils": {
      "locked": {
        "lastModified": 1644229661,
        "narHash": "sha256-1YdnJAsNy69bpcjuoKdOYQX0YxZBiCYZo4Twxerqv7k=",
        "owner": "numtide",
        "repo": "flake-utils",
        "rev": "3cecb5b042f7f209c56ffd8371b2711a290ec797",
        "type": "github"
      },
      "original": {
        "owner": "numtide",
        "repo": "flake-utils",
        "type": "github"
      }
    },
    "home-manager": {
      "inputs": {
        "nixpkgs": [
          "nixpkgs"
        ]
      },
      "locked": {
        "lastModified": 1649130493,
        "narHash": "sha256-tp2UxeS1A5ESb+I/rh4GoD0DH7edOGdc2fsP6D8o27Y=",
        "owner": "nix-community",
        "repo": "home-manager",
        "rev": "07b941f0c45ac4af6732d96f4cb6142824eee3df",
        "type": "github"
      },
      "original": {
        "owner": "nix-community",
        "repo": "home-manager",
        "type": "github"
      }
    },
    "neovim-flake": {
      "inputs": {
        "flake-utils": "flake-utils",
        "nixpkgs": [
          "neovim-nightly",
          "nixpkgs"
        ]
      },
      "locked": {
        "dir": "contrib",
        "lastModified": 1649217859,
        "narHash": "sha256-oNgBLLwSif+vuM9Sw2CAuI1OYv4aXOSOGtvhgt0jPpM=",
        "owner": "neovim",
        "repo": "neovim",
        "rev": "233014f92b5d4d5bf8a6f019241aafd1b05dd383",
        "type": "github"
      },
      "original": {
        "dir": "contrib",
        "owner": "neovim",
        "repo": "neovim",
        "type": "github"
      }
    },
    "neovim-nightly": {
      "inputs": {
        "flake-compat": "flake-compat",
        "neovim-flake": "neovim-flake",
        "nixpkgs": "nixpkgs"
      },
      "locked": {
        "lastModified": 1649233190,
        "narHash": "sha256-ix8vwMZb8ulPU2DyTWlgH9mmvarXUH/yTWoJ25NbPzo=",
        "owner": "nix-community",
        "repo": "neovim-nightly-overlay",
        "rev": "ee895464be12a3e733b3de850c2e00ccb52fd38f",
        "type": "github"
      },
      "original": {
        "owner": "nix-community",
        "repo": "neovim-nightly-overlay",
        "type": "github"
      }
    },
    "nixpkgs": {
      "locked": {
        "lastModified": 1649012074,
        "narHash": "sha256-vQUROcJ3FfT3GTB/nJrXwVvjuq8WfK0ImN+RUgDVN1c=",
        "owner": "nixos",
        "repo": "nixpkgs",
        "rev": "bc4b9eef3ce3d5a90d8693e8367c9cbfc9fc1e13",
        "type": "github"
      },
      "original": {
        "owner": "nixos",
        "ref": "nixos-unstable",
        "repo": "nixpkgs",
        "type": "github"
      }
    },
    "nixpkgs_2": {
      "locked": {
        "lastModified": 1649012074,
        "narHash": "sha256-vQUROcJ3FfT3GTB/nJrXwVvjuq8WfK0ImN+RUgDVN1c=",
        "owner": "NixOS",
        "repo": "nixpkgs",
        "rev": "bc4b9eef3ce3d5a90d8693e8367c9cbfc9fc1e13",
        "type": "github"
      },
      "original": {
        "id": "nixpkgs",
        "ref": "nixos-unstable",
        "type": "indirect"
      }
    },
    "root": {
      "inputs": {
        "emacs-unstable": "emacs-unstable",
        "home-manager": "home-manager",
        "neovim-nightly": "neovim-nightly",
        "nixpkgs": "nixpkgs_2"
      }
    }
  },
  "root": "root",
  "version": 7
}
