{
  "nodes": {
    "godo-flake": {
      "inputs": {
        "nixpkgs": [
          "nixpkgs"
        ]
      },
      "locked": {
        "lastModified": 1677951721,
        "narHash": "sha256-wngWFKXW0fr4ZGIFXIjjinmzbFKv2qQVKY9xvbPHGDU=",
        "owner": "rsHalford",
        "repo": "godo",
        "rev": "56217be2aefd29cfe0b4cd6f9f25b11845b64de1",
        "type": "github"
      },
      "original": {
        "owner": "rsHalford",
        "repo": "godo",
        "type": "github"
      }
    },
    "home-manager": {
      "inputs": {
        "nixpkgs": [
          "nixpkgs"
        ]
      },
      "locked": {
        "lastModified": 1694134858,
        "narHash": "sha256-fG/ESauOGmiojKlpJG8gB62dJa5Wd+ZIuiDMKK/HD3g=",
        "owner": "nix-community",
        "repo": "home-manager",
        "rev": "19c6a4081b14443420358262f8416149bd79561a",
        "type": "github"
      },
      "original": {
        "owner": "nix-community",
        "repo": "home-manager",
        "type": "github"
      }
    },
    "nixpkgs": {
      "locked": {
        "lastModified": 1694183432,
        "narHash": "sha256-YyPGNapgZNNj51ylQMw9lAgvxtM2ai1HZVUu3GS8Fng=",
        "owner": "NixOS",
        "repo": "nixpkgs",
        "rev": "db9208ab987cdeeedf78ad9b4cf3c55f5ebd269b",
        "type": "github"
      },
      "original": {
        "id": "nixpkgs",
        "ref": "nixos-unstable",
        "type": "indirect"
      }
    },
    "nur": {
      "locked": {
        "lastModified": 1694337269,
        "narHash": "sha256-f/eNSXvoW3GF5YlKCEtpinKXsEy5kjTAuRfRBR5wT3A=",
        "owner": "nix-community",
        "repo": "NUR",
        "rev": "3475c2b2532619a98d2326970cdfa35bd6718cd9",
        "type": "github"
      },
      "original": {
        "owner": "nix-community",
        "repo": "NUR",
        "type": "github"
      }
    },
    "root": {
      "inputs": {
        "godo-flake": "godo-flake",
        "home-manager": "home-manager",
        "nixpkgs": "nixpkgs",
        "nur": "nur",
        "tag-flake": "tag-flake"
      }
    },
    "tag-flake": {
      "inputs": {
        "nixpkgs": [
          "nixpkgs"
        ]
      },
      "locked": {
        "lastModified": 1681042149,
        "narHash": "sha256-HB9CKYmREqgcIBeML3ZFpiNfVLxGA5UpvSxuxTCJpiQ=",
        "owner": "rsHalford",
        "repo": "tag",
        "rev": "926a22585f00d72cc1dff0161dc32e633bf1fb1a",
        "type": "github"
      },
      "original": {
        "owner": "rsHalford",
        "repo": "tag",
        "type": "github"
      }
    }
  },
  "root": "root",
  "version": 7
}
